# THIS IS AN AUTOGENERATED FILE. DO NOT EDIT THIS FILE DIRECTLY.
# yarn lockfile v1


"@katalyst-interactive/turbo-modal@file:../..":
  "resolved" "file:../.."
  "version" "1.0.0"
  dependencies:
    "@hotwired/turbo" "^7.0.1"

"esbuild-darwin-arm64@0.13.6":
  "integrity" "sha512-+f8Yn5doTEpCWtBaGxciDTikxESdGCNZpLYtXzMJLTWFHr8zqfAf4TAYGvg6T5T6N7OMC8HHy3GM+BijFXDXMg=="
  "resolved" "https://registry.npmjs.org/esbuild-darwin-arm64/-/esbuild-darwin-arm64-0.13.6.tgz"
  "version" "0.13.6"

"esbuild@^0.13.6":
  "integrity" "sha512-zkMkYwC9ohVe6qxXykKf/4jfbtM/09CL8UEEnwuhO7Xq8NOTN2yAwCrmKKvHlGrEej6Y8e/tAmHB7wMMg7O0ew=="
  "resolved" "https://registry.npmjs.org/esbuild/-/esbuild-0.13.6.tgz"
  "version" "0.13.6"
  optionalDependencies:
    "esbuild-android-arm64" "0.13.6"
    "esbuild-darwin-64" "0.13.6"
    "esbuild-darwin-arm64" "0.13.6"
    "esbuild-freebsd-64" "0.13.6"
    "esbuild-freebsd-arm64" "0.13.6"
    "esbuild-linux-32" "0.13.6"
    "esbuild-linux-64" "0.13.6"
    "esbuild-linux-arm" "0.13.6"
    "esbuild-linux-arm64" "0.13.6"
    "esbuild-linux-mips64le" "0.13.6"
    "esbuild-linux-ppc64le" "0.13.6"
    "esbuild-netbsd-64" "0.13.6"
    "esbuild-openbsd-64" "0.13.6"
    "esbuild-sunos-64" "0.13.6"
    "esbuild-windows-32" "0.13.6"
    "esbuild-windows-64" "0.13.6"
    "esbuild-windows-arm64" "0.13.6"
